// !$*UTF8*$!
{
	archiveVersion = 1;
	classes = {
	};
	objectVersion = 54;
	objects = {

/* Begin PBXBuildFile section */
		07D09C9232F053D255C3F545 /* UndoToastView.swift in Sources */ = {isa = PBXBuildFile; fileRef = C136B69D873BD6603EB4992A /* UndoToastView.swift */; };
		0F6EE63CD85B34B406083EA7 /* ToolbarSearchTests.swift in Sources */ = {isa = PBXBuildFile; fileRef = ACF4898F04D7CB05B2B9E3B2 /* ToolbarSearchTests.swift */; };
		10566BFC7E72DA5AFBA70F95 /* SidebarView.swift in Sources */ = {isa = PBXBuildFile; fileRef = A6E53D49DEC7CFE3995861D2 /* SidebarView.swift */; };
		118673876157DD94F0AF31B4 /* AppDependencies.swift in Sources */ = {isa = PBXBuildFile; fileRef = 89307B88F02B43EF58286C41 /* AppDependencies.swift */; };
		15E3627E77A2F46F40450957 /* AssistantConversationLog.swift in Sources */ = {isa = PBXBuildFile; fileRef = 58B0151CB4CE887D1FC7EDAA /* AssistantConversationLog.swift */; };
		1BAD9753198685C085F9F67C /* CalendarScaleTests.swift in Sources */ = {isa = PBXBuildFile; fileRef = 176CA8FA69093D138B83A526 /* CalendarScaleTests.swift */; };
		205D4C4555148E2EBF08D525 /* MainView.swift in Sources */ = {isa = PBXBuildFile; fileRef = 5EEFE4DBCCA8C08167AC19EE /* MainView.swift */; };
		207ECB3CDA432C977A51C6B6 /* AssignmentEvent.swift in Sources */ = {isa = PBXBuildFile; fileRef = 5ABDEF05D9E2174EB73A68B2 /* AssignmentEvent.swift */; };
		25A3E6D582ED84D3E54E53FF /* DockThemePresets.swift in Sources */ = {isa = PBXBuildFile; fileRef = 1B8ECA63C4D9FF561B91D33E /* DockThemePresets.swift */; };
		2C2EB95EEFDD77419A2B9306 /* SettingsView.swift in Sources */ = {isa = PBXBuildFile; fileRef = 81A0EE4153E8C25B319DC86F /* SettingsView.swift */; };
		2D101EAEF8C2AF5C948954F6 /* ScreenshotOCRService.swift in Sources */ = {isa = PBXBuildFile; fileRef = 56F304E836C57FB3DB040EE5 /* ScreenshotOCRService.swift */; };
		2F604F6641B2096AF3D40A48 /* CalendarEventChip.swift in Sources */ = {isa = PBXBuildFile; fileRef = E130BED4C512B79DB8354236 /* CalendarEventChip.swift */; };
		316D11C4638443151AEB32D0 /* ScreenshotImportView.swift in Sources */ = {isa = PBXBuildFile; fileRef = DE59FA0EFE089B6B928C388C /* ScreenshotImportView.swift */; };
		317C1AD7B70137166D6066C7 /* DockTileLayoutTests.swift in Sources */ = {isa = PBXBuildFile; fileRef = 36E0D9F768688445C44FF690 /* DockTileLayoutTests.swift */; };
		32171BC4B510B9A193DC63AE /* representative.ics in Resources */ = {isa = PBXBuildFile; fileRef = 9A9BD01296587DD6B0C91641 /* representative.ics */; };
		32374A60687C6E9501CDB7AF /* AssignmentCalendar.swift in Sources */ = {isa = PBXBuildFile; fileRef = AC943AD74D13FFCB7FE6B925 /* AssignmentCalendar.swift */; };
		33B470CD406DFA708FFF5A87 /* AssignmentCalendarView.swift in Sources */ = {isa = PBXBuildFile; fileRef = 9EE29247354FC8BD0CB02285 /* AssignmentCalendarView.swift */; };
		34138A103A3EE5577656AF0C /* DockAppearance.swift in Sources */ = {isa = PBXBuildFile; fileRef = 354D08732371A4156B46E57D /* DockAppearance.swift */; };
		39F1333FEA72A92210E56C14 /* DueTimePolicyTests.swift in Sources */ = {isa = PBXBuildFile; fileRef = E3474D2B160F43F1020069F1 /* DueTimePolicyTests.swift */; };
		3C95666807557DF0AC2BAB00 /* AppEnvironment.swift in Sources */ = {isa = PBXBuildFile; fileRef = CF44862D6D66155114DB0551 /* AppEnvironment.swift */; };
		40711829F2493E315B650325 /* RefreshCoordinator.swift in Sources */ = {isa = PBXBuildFile; fileRef = 2792182D2C91DAEF8CA975CC /* RefreshCoordinator.swift */; };
		4524E510E23EF70ABDD68742 /* EventInteractionTests.swift in Sources */ = {isa = PBXBuildFile; fileRef = 7F96CA15B91E4A0B5EA3A6ED /* EventInteractionTests.swift */; };
		458BD306852C568BFD818170 /* AssistantService.swift in Sources */ = {isa = PBXBuildFile; fileRef = 41F88E929469A17930D9732D /* AssistantService.swift */; };
		468C50E4CA3946964D02D708 /* ICSParserTests.swift in Sources */ = {isa = PBXBuildFile; fileRef = D7BFB7D37A5B236476760DEB /* ICSParserTests.swift */; };
		481366BF3368F9F0C2EC27CA /* Security.framework in Frameworks */ = {isa = PBXBuildFile; fileRef = 40668D8C1FAC47414991A26D /* Security.framework */; };
		4A3C9328B7FE3B6B7783F4C6 /* FeedExclusionStore.swift in Sources */ = {isa = PBXBuildFile; fileRef = EBD2953A233B06BE92CD4DFC /* FeedExclusionStore.swift */; };
		4AA68D420BCAF0DEE75A5E26 /* AssistantTests.swift in Sources */ = {isa = PBXBuildFile; fileRef = AD057CBAC80A157FFC612859 /* AssistantTests.swift */; };
		4B19C4F14552EDE139926B41 /* Preview Assets.xcassets in Resources */ = {isa = PBXBuildFile; fileRef = 4EA2450F0BF5C12E1A3D720D /* Preview Assets.xcassets */; };
		4CE676FAFFBEA8917042828A /* CalendarMonthGrid.swift in Sources */ = {isa = PBXBuildFile; fileRef = 8CFE9B7D621A96F9F3D2D23A /* CalendarMonthGrid.swift */; };
		5A8A98B82182A95BE9DA0309 /* CanvasFeedFetcher.swift in Sources */ = {isa = PBXBuildFile; fileRef = 5DADDF014908B17CA6199D2D /* CanvasFeedFetcher.swift */; };
		5D704FB92C8392010FD9ED9F /* AssistantDraftFlowTests.swift in Sources */ = {isa = PBXBuildFile; fileRef = 7DEA51737B391011D243F464 /* AssistantDraftFlowTests.swift */; };
		60CAAF02CD0A8552A79C6CC8 /* AssignmentCalendarTests.swift in Sources */ = {isa = PBXBuildFile; fileRef = 3C81D7C5B54877531FB8560D /* AssignmentCalendarTests.swift */; };
		63EFCC496C7A4C0DFF4A0929 /* CourseBlocklistStore.swift in Sources */ = {isa = PBXBuildFile; fileRef = 66B3C9BABAA847A452ED760F /* CourseBlocklistStore.swift */; };
		6B6DA8186D4EE4F17FBA0C08 /* CalendarTimeGrid.swift in Sources */ = {isa = PBXBuildFile; fileRef = 0EC7D0FFBCA2494C4D46C09C /* CalendarTimeGrid.swift */; };
		6D2185C2E69D3FE65F38B041 /* ReminderRule.swift in Sources */ = {isa = PBXBuildFile; fileRef = 77030799B2DA28706F2F6C2D /* ReminderRule.swift */; };
		6DA22CE15DD7F5A8A7013A8A /* DockThemePresetViews.swift in Sources */ = {isa = PBXBuildFile; fileRef = 3455A7BFB334C40F34929B28 /* DockThemePresetViews.swift */; };
		723BD80A984A3EF5E5052D58 /* LaunchIsolationTests.swift in Sources */ = {isa = PBXBuildFile; fileRef = 69A7F429FEEB678B1BD75C85 /* LaunchIsolationTests.swift */; };
		7403094F4D221AB02FE4BB65 /* AssistantConversationHistoryTests.swift in Sources */ = {isa = PBXBuildFile; fileRef = 6F92763732B833FCA33AFF38 /* AssistantConversationHistoryTests.swift */; };
		755F8C624EDAE21D96CADB27 /* ScreenshotImportViewModel.swift in Sources */ = {isa = PBXBuildFile; fileRef = 796F8502D763319D59A3835F /* ScreenshotImportViewModel.swift */; };
		78E7574412F37F9F1012755F /* KeychainFeedURLStore.swift in Sources */ = {isa = PBXBuildFile; fileRef = 149E8CDBDEB48DECA04640F8 /* KeychainFeedURLStore.swift */; };
		7CD0391A62302E133B4B93C1 /* ManualEventEditorView.swift in Sources */ = {isa = PBXBuildFile; fileRef = 0E98E499DB1891628EE75363 /* ManualEventEditorView.swift */; };
		7D0532723AF869C668B7F434 /* ScreenshotImport.swift in Sources */ = {isa = PBXBuildFile; fileRef = CF8B1F1723B52C6DE98E2EF0 /* ScreenshotImport.swift */; };
		8383FE4ADBFCBA95D5CBE3CC /* AppKit.framework in Frameworks */ = {isa = PBXBuildFile; fileRef = 9F9E73BCD06077565AA22181 /* AppKit.framework */; };
		848D9224180F580C027E38FB /* AssistantPresentation.swift in Sources */ = {isa = PBXBuildFile; fileRef = 67437A424E5302E6D524E523 /* AssistantPresentation.swift */; };
		860861B6C0D84E5C649EBDFD /* DockSizeSelectionTests.swift in Sources */ = {isa = PBXBuildFile; fileRef = 95902093C69B7D56B46A3DBE /* DockSizeSelectionTests.swift */; };
		86C72D220246FD00CC940DB0 /* CanvasFeedFetcherTests.swift in Sources */ = {isa = PBXBuildFile; fileRef = AC6D32E93DD98F3E7D8998DE /* CanvasFeedFetcherTests.swift */; };
		8A0B71EB1F173CE0A9DD3D2A /* CourseManagementActions.swift in Sources */ = {isa = PBXBuildFile; fileRef = 2CA86D6406ED0313CEC54CD4 /* CourseManagementActions.swift */; };
		8A6D175FF58DFAC27530998B /* CalendarDateEntry.swift in Sources */ = {isa = PBXBuildFile; fileRef = 2E4B30037016B79A8EDD6D1A /* CalendarDateEntry.swift */; };
		8AE1D56E8A0687CE7C76FBD1 /* EventLabel.swift in Sources */ = {isa = PBXBuildFile; fileRef = A8B6894882DC74C3E721638A /* EventLabel.swift */; };
		8C2FFCFCC43E1DAB1F0BFD57 /* ReminderScheduleTests.swift in Sources */ = {isa = PBXBuildFile; fileRef = CC53AEBB564B8CC911D3B775 /* ReminderScheduleTests.swift */; };
		8F05A920BA26644F1A846157 /* AssignmentRepository.swift in Sources */ = {isa = PBXBuildFile; fileRef = DDBBB4E8742512AA2FAF5A01 /* AssignmentRepository.swift */; };
		8F3B103D54BF8DEF9C98717A /* CanvasDateTextParser.swift in Sources */ = {isa = PBXBuildFile; fileRef = F76BC7128DEFCEAA70AC73E7 /* CanvasDateTextParser.swift */; };
		93DA62B41C768B713C5AF2DB /* AssistantSettings.swift in Sources */ = {isa = PBXBuildFile; fileRef = BB0100C0F5D51B82DE990269 /* AssistantSettings.swift */; };
		946A3D2BC6075C8A5DC7C076 /* LocalModelPresentation.swift in Sources */ = {isa = PBXBuildFile; fileRef = 1E0FBABB82AB36D2190596E2 /* LocalModelPresentation.swift */; };
		961FDDE565A1B9364F3BA201 /* LocalModelManager.swift in Sources */ = {isa = PBXBuildFile; fileRef = BA3437FC7C8929C1C76473CE /* LocalModelManager.swift */; };
		9B47B94F2FE60BCAC73AA55A /* DockTileLayout.swift in Sources */ = {isa = PBXBuildFile; fileRef = 722BC99654E82DFC600CF02B /* DockTileLayout.swift */; };
		9C29E48C0B1610E753799035 /* NearestAssignmentCard.swift in Sources */ = {isa = PBXBuildFile; fileRef = 3851F1CADA70ADDD1FED89D1 /* NearestAssignmentCard.swift */; };
		9E1869235312809AF07D16A2 /* LaunchAtLoginController.swift in Sources */ = {isa = PBXBuildFile; fileRef = 61BA7EC3B8DA2FAABFCDCED1 /* LaunchAtLoginController.swift */; };
		9ECA4478F3861710E63C2F42 /* DockAppearanceTests.swift in Sources */ = {isa = PBXBuildFile; fileRef = 9FF309911A3913EA914850F0 /* DockAppearanceTests.swift */; };
		9FAAF64D5235501A782E08C4 /* MainViewModel.swift in Sources */ = {isa = PBXBuildFile; fileRef = 8471A653DB58BEBA6E3E8AD4 /* MainViewModel.swift */; };
		9FADE4ABA16E4D8EEC1B1176 /* Assets.xcassets in Resources */ = {isa = PBXBuildFile; fileRef = 32AA2CD44F2D8FD2D44B7EDF /* Assets.xcassets */; };
		A08CC38651352FF532B4E7AF /* UserNotifications.framework in Frameworks */ = {isa = PBXBuildFile; fileRef = E26F90425C17FF762BF4D06E /* UserNotifications.framework */; };
		A46C085D5793C154599F9A6E /* ToolbarDisplayModeConfigurator.swift in Sources */ = {isa = PBXBuildFile; fileRef = A17EBF71ACA5C7E9FDB4BCD9 /* ToolbarDisplayModeConfigurator.swift */; };
		AA5276B7683D872920ED9B84 /* ICSParser.swift in Sources */ = {isa = PBXBuildFile; fileRef = 099CBA2FB3FF6F3E078E3056 /* ICSParser.swift */; };
		ADAB8B2A9F463069586E19CA /* CanvasScreenshotParser.swift in Sources */ = {isa = PBXBuildFile; fileRef = 2D127CFD40C17172BFE35651 /* CanvasScreenshotParser.swift */; };
		B017797EC0B2E19F5C36430C /* AssistantProfileViews.swift in Sources */ = {isa = PBXBuildFile; fileRef = 6A2D146811247D74B191BE47 /* AssistantProfileViews.swift */; };
		B0567EF05ADCE72C3E4FA4F9 /* AssistantWindowController.swift in Sources */ = {isa = PBXBuildFile; fileRef = 5857C74C93EF06A42C86FA0E /* AssistantWindowController.swift */; };
		B07D431C640241F7C8EC2D70 /* CourseFilterMenuTests.swift in Sources */ = {isa = PBXBuildFile; fileRef = EFE33EE5F3A5C159CC490748 /* CourseFilterMenuTests.swift */; };
		B0FCA0D0BFD1BB1C2824ED33 /* ServiceManagement.framework in Frameworks */ = {isa = PBXBuildFile; fileRef = F7473B249AF5056BAC114A76 /* ServiceManagement.framework */; };
		B281D9589272AEB45F58FE78 /* ScreenshotImportWorkflowTests.swift in Sources */ = {isa = PBXBuildFile; fileRef = F08250DEC107AAC1FD46C78A /* ScreenshotImportWorkflowTests.swift */; };
		B360C603B0A811EC158A3BA9 /* RefreshCoordinatorTests.swift in Sources */ = {isa = PBXBuildFile; fileRef = 22E3E6DF97A57BE73540585B /* RefreshCoordinatorTests.swift */; };
		B5083DB1028BE9682BCB0511 /* CanvasScreenshotParserTests.swift in Sources */ = {isa = PBXBuildFile; fileRef = 55247B70D6D09DF56B8E6B9E /* CanvasScreenshotParserTests.swift */; };
		B8B433A900556A044BB747E9 /* NotificationService.swift in Sources */ = {isa = PBXBuildFile; fileRef = 8CB23E4A7453EB83A9551245 /* NotificationService.swift */; };
		BAA4E2505C78EE47739D2E12 /* AssistantProfiles.swift in Sources */ = {isa = PBXBuildFile; fileRef = 385E74FD3C210D49163658B2 /* AssistantProfiles.swift */; };
		BB369EA6E3C95E2F099BCF5C /* DockTileService.swift in Sources */ = {isa = PBXBuildFile; fileRef = AA2876D5254D102642C61016 /* DockTileService.swift */; };
		BB9AF632D8B290AAAE2AB220 /* PresentationModels.swift in Sources */ = {isa = PBXBuildFile; fileRef = DDA552A954169CE213739BA4 /* PresentationModels.swift */; };
		C16421F07BCD84EEE422B35A /* DockAndViewModelTests.swift in Sources */ = {isa = PBXBuildFile; fileRef = 77C58F278177095C16BFAD31 /* DockAndViewModelTests.swift */; };
		C465D6530DCC2B2B59101061 /* AssignmentRowView.swift in Sources */ = {isa = PBXBuildFile; fileRef = 0F33CE0026A029FBF9E7C6F8 /* AssignmentRowView.swift */; };
		C522AE475E64161034193F1A /* ScreenshotImportCoordinator.swift in Sources */ = {isa = PBXBuildFile; fileRef = 9899653832A95B088689E810 /* ScreenshotImportCoordinator.swift */; };
		C5EF2B9F0E9D8D506A700E1E /* EventLabelViews.swift in Sources */ = {isa = PBXBuildFile; fileRef = 25B61814CD86EC18BB18B723 /* EventLabelViews.swift */; };
		C5FA2CDB06658BADAD564F20 /* AssignmentRepositoryTests.swift in Sources */ = {isa = PBXBuildFile; fileRef = D12FBF9E9C022B9EBEB41DB2 /* AssignmentRepositoryTests.swift */; };
		C90FAE30191A4C508961E9C6 /* EventLabelTests.swift in Sources */ = {isa = PBXBuildFile; fileRef = 8E21BF89A60639D0876DA8C2 /* EventLabelTests.swift */; };
		C9AC8533F40AEA60491EDF0D /* CountdownCalculator.swift in Sources */ = {isa = PBXBuildFile; fileRef = 26D022A0B3B11D5F806507BF /* CountdownCalculator.swift */; };
		CA46E10EBC54D5D851128060 /* LocalModelManagerTests.swift in Sources */ = {isa = PBXBuildFile; fileRef = 26A8C5482738CA906A45CAAE /* LocalModelManagerTests.swift */; };
		D819A504296ACA82DC7FCA12 /* CanvasDateTextParserTests.swift in Sources */ = {isa = PBXBuildFile; fileRef = BA416AAC321EE7477CE225B0 /* CanvasDateTextParserTests.swift */; };
		D88CBFBD1048289F3BCC5147 /* ImmediateSettingsTests.swift in Sources */ = {isa = PBXBuildFile; fileRef = 313BE752B7E3E167E9DF44FA /* ImmediateSettingsTests.swift */; };
		DBA66166C20757BECB573252 /* DockDigitSpacingTests.swift in Sources */ = {isa = PBXBuildFile; fileRef = 751AAF71611CC0CABC565638 /* DockDigitSpacingTests.swift */; };
		DC66BCA36AC21FFCF52F0EE7 /* AssistantPanelView.swift in Sources */ = {isa = PBXBuildFile; fileRef = 64DA56943341901368731592 /* AssistantPanelView.swift */; };
		DF1DBDC5BFBD96445527CCDB /* AppSettings.swift in Sources */ = {isa = PBXBuildFile; fileRef = FA728C6E0402225EBF5D05FB /* AppSettings.swift */; };
		DFD3F852058A150207DE7E16 /* DockTileRenderer.swift in Sources */ = {isa = PBXBuildFile; fileRef = DF51BDD6974B71B245AAE12C /* DockTileRenderer.swift */; };
		E39AF3707BB8EC345F0B8944 /* DiagnosticsDocument.swift in Sources */ = {isa = PBXBuildFile; fileRef = 66EA62592CF58AA32C47D92F /* DiagnosticsDocument.swift */; };
		E65A84744E385683A8B44B85 /* FeedReconciliationTests.swift in Sources */ = {isa = PBXBuildFile; fileRef = 827B5CA1F3113FDCA6398835 /* FeedReconciliationTests.swift */; };
		E6AEC31FD35E3BCF8AFAAA3E /* CalendarTimeGridView.swift in Sources */ = {isa = PBXBuildFile; fileRef = 10B3D92E89D39E5ED1A50756 /* CalendarTimeGridView.swift */; };
		E73906F3AA55E1E3708AA0CC /* CourseManagementTests.swift in Sources */ = {isa = PBXBuildFile; fileRef = E1D49100D1712E153967086D /* CourseManagementTests.swift */; };
		E8DF34C7D2F4D53258CBD25D /* ImportedEventDetailsView.swift in Sources */ = {isa = PBXBuildFile; fileRef = C8405352AB9D291A1D57D03C /* ImportedEventDetailsView.swift */; };
		E8EE34FA5853590E9242C1F3 /* CanvasCountdownApp.swift in Sources */ = {isa = PBXBuildFile; fileRef = BFECB8333F7A843628EE9DBE /* CanvasCountdownApp.swift */; };
		EBB912F22977D326572CE0FC /* AssistantProfileTests.swift in Sources */ = {isa = PBXBuildFile; fileRef = 03528D203FB1AE279B5112B4 /* AssistantProfileTests.swift */; };
		F2FC17B1027C13F1F2103578 /* DueTimePolicy.swift in Sources */ = {isa = PBXBuildFile; fileRef = 63A9B1441BD07FC4137DFDD5 /* DueTimePolicy.swift */; };
		F31FC7EE56E8FBC52BE623E5 /* CalendarYearGrid.swift in Sources */ = {isa = PBXBuildFile; fileRef = 267746207E9601DA548A31CC /* CalendarYearGrid.swift */; };
		F44964BB31E209C36D51DAF1 /* AssistantSaveSummary.swift in Sources */ = {isa = PBXBuildFile; fileRef = 9378FB9D226843FABE519F96 /* AssistantSaveSummary.swift */; };
		F4D6638A438BE214257C99B5 /* AssistantPresentationTests.swift in Sources */ = {isa = PBXBuildFile; fileRef = 2D06D17D01752328E2F42A9D /* AssistantPresentationTests.swift */; };
		F4F7F34451640CBFCCD84676 /* IsolatedLaunchServices.swift in Sources */ = {isa = PBXBuildFile; fileRef = F287B2AE40E5AF90FEA7454B /* IsolatedLaunchServices.swift */; };
		F7DB77F45A451F93DB60B92C /* CourseScopeTests.swift in Sources */ = {isa = PBXBuildFile; fileRef = 282F4005FAF96A677845EDC4 /* CourseScopeTests.swift */; };
		F89A84DDC7F58831320786F2 /* SearchOverlayView.swift in Sources */ = {isa = PBXBuildFile; fileRef = 368ED8FE0E27134A2D52A925 /* SearchOverlayView.swift */; };
		F9DA37CC9F1F504DC9CCD358 /* AssistantSaveConfirmationTests.swift in Sources */ = {isa = PBXBuildFile; fileRef = 0BCBF6AE8B50F12FD06E0984 /* AssistantSaveConfirmationTests.swift */; };
		FB33C9AAD41A82689EEB3F69 /* FeedImportView.swift in Sources */ = {isa = PBXBuildFile; fileRef = 039098D8A1700485F7B7E33D /* FeedImportView.swift */; };
		FC8400DCCC428468DB844F8C /* CountdownCalculatorTests.swift in Sources */ = {isa = PBXBuildFile; fileRef = 86DCBD89094C54B63F614531 /* CountdownCalculatorTests.swift */; };
		FD39C43E33EF28EB1A1019D4 /* ICSRefreshRegressionTests.swift in Sources */ = {isa = PBXBuildFile; fileRef = 27B7B3F64ED12909217BFB39 /* ICSRefreshRegressionTests.swift */; };
		FE7493F033C47898361B9F3C /* DockThemePresetTests.swift in Sources */ = {isa = PBXBuildFile; fileRef = 52588398CF09248B3E94DACF /* DockThemePresetTests.swift */; };
/* End PBXBuildFile section */

/* Begin PBXContainerItemProxy section */
		CF1A3CC1FD87D0200C8D3397 /* PBXContainerItemProxy */ = {
			isa = PBXContainerItemProxy;
			containerPortal = 4E3338BFFAE524E3E11019C1 /* Project object */;
			proxyType = 1;
			remoteGlobalIDString = C7674B2EE4779A1107F269F5;
			remoteInfo = CanvasCountdown;
		};
/* End PBXContainerItemProxy section */

/* Begin PBXFileReference section */
		03528D203FB1AE279B5112B4 /* AssistantProfileTests.swift */ = {isa = PBXFileReference; lastKnownFileType = sourcecode.swift; path = AssistantProfileTests.swift; sourceTree = "<group>"; };
		039098D8A1700485F7B7E33D /* FeedImportView.swift */ = {isa = PBXFileReference; lastKnownFileType = sourcecode.swift; path = FeedImportView.swift; sourceTree = "<group>"; };
		099CBA2FB3FF6F3E078E3056 /* ICSParser.swift */ = {isa = PBXFileReference; lastKnownFileType = sourcecode.swift; path = ICSParser.swift; sourceTree = "<group>"; };
		0BCBF6AE8B50F12FD06E0984 /* AssistantSaveConfirmationTests.swift */ = {isa = PBXFileReference; lastKnownFileType = sourcecode.swift; path = AssistantSaveConfirmationTests.swift; sourceTree = "<group>"; };
		0E98E499DB1891628EE75363 /* ManualEventEditorView.swift */ = {isa = PBXFileReference; lastKnownFileType = sourcecode.swift; path = ManualEventEditorView.swift; sourceTree = "<group>"; };
		0EC7D0FFBCA2494C4D46C09C /* CalendarTimeGrid.swift */ = {isa = PBXFileReference; lastKnownFileType = sourcecode.swift; path = CalendarTimeGrid.swift; sourceTree = "<group>"; };
		0F33CE0026A029FBF9E7C6F8 /* AssignmentRowView.swift */ = {isa = PBXFileReference; lastKnownFileType = sourcecode.swift; path = AssignmentRowView.swift; sourceTree = "<group>"; };
		10B3D92E89D39E5ED1A50756 /* CalendarTimeGridView.swift */ = {isa = PBXFileReference; lastKnownFileType = sourcecode.swift; path = CalendarTimeGridView.swift; sourceTree = "<group>"; };
		149E8CDBDEB48DECA04640F8 /* KeychainFeedURLStore.swift */ = {isa = PBXFileReference; lastKnownFileType = sourcecode.swift; path = KeychainFeedURLStore.swift; sourceTree = "<group>"; };
		176CA8FA69093D138B83A526 /* CalendarScaleTests.swift */ = {isa = PBXFileReference; lastKnownFileType = sourcecode.swift; path = CalendarScaleTests.swift; sourceTree = "<group>"; };
		1B8ECA63C4D9FF561B91D33E /* DockThemePresets.swift */ = {isa = PBXFileReference; lastKnownFileType = sourcecode.swift; path = DockThemePresets.swift; sourceTree = "<group>"; };
		1E0FBABB82AB36D2190596E2 /* LocalModelPresentation.swift */ = {isa = PBXFileReference; lastKnownFileType = sourcecode.swift; path = LocalModelPresentation.swift; sourceTree = "<group>"; };
		22E3E6DF97A57BE73540585B /* RefreshCoordinatorTests.swift */ = {isa = PBXFileReference; lastKnownFileType = sourcecode.swift; path = RefreshCoordinatorTests.swift; sourceTree = "<group>"; };
		25B61814CD86EC18BB18B723 /* EventLabelViews.swift */ = {isa = PBXFileReference; lastKnownFileType = sourcecode.swift; path = EventLabelViews.swift; sourceTree = "<group>"; };
		267746207E9601DA548A31CC /* CalendarYearGrid.swift */ = {isa = PBXFileReference; lastKnownFileType = sourcecode.swift; path = CalendarYearGrid.swift; sourceTree = "<group>"; };
		26A8C5482738CA906A45CAAE /* LocalModelManagerTests.swift */ = {isa = PBXFileReference; lastKnownFileType = sourcecode.swift; path = LocalModelManagerTests.swift; sourceTree = "<group>"; };
		26D022A0B3B11D5F806507BF /* CountdownCalculator.swift */ = {isa = PBXFileReference; lastKnownFileType = sourcecode.swift; path = CountdownCalculator.swift; sourceTree = "<group>"; };
		2792182D2C91DAEF8CA975CC /* RefreshCoordinator.swift */ = {isa = PBXFileReference; lastKnownFileType = sourcecode.swift; path = RefreshCoordinator.swift; sourceTree = "<group>"; };
		27B7B3F64ED12909217BFB39 /* ICSRefreshRegressionTests.swift */ = {isa = PBXFileReference; lastKnownFileType = sourcecode.swift; path = ICSRefreshRegressionTests.swift; sourceTree = "<group>"; };
		282F4005FAF96A677845EDC4 /* CourseScopeTests.swift */ = {isa = PBXFileReference; lastKnownFileType = sourcecode.swift; path = CourseScopeTests.swift; sourceTree = "<group>"; };
		2CA86D6406ED0313CEC54CD4 /* CourseManagementActions.swift */ = {isa = PBXFileReference; lastKnownFileType = sourcecode.swift; path = CourseManagementActions.swift; sourceTree = "<group>"; };
		2D06D17D01752328E2F42A9D /* AssistantPresentationTests.swift */ = {isa = PBXFileReference; lastKnownFileType = sourcecode.swift; path = AssistantPresentationTests.swift; sourceTree = "<group>"; };
		2D127CFD40C17172BFE35651 /* CanvasScreenshotParser.swift */ = {isa = PBXFileReference; lastKnownFileType = sourcecode.swift; path = CanvasScreenshotParser.swift; sourceTree = "<group>"; };
		2E4B30037016B79A8EDD6D1A /* CalendarDateEntry.swift */ = {isa = PBXFileReference; lastKnownFileType = sourcecode.swift; path = CalendarDateEntry.swift; sourceTree = "<group>"; };
		313BE752B7E3E167E9DF44FA /* ImmediateSettingsTests.swift */ = {isa = PBXFileReference; lastKnownFileType = sourcecode.swift; path = ImmediateSettingsTests.swift; sourceTree = "<group>"; };
		32AA2CD44F2D8FD2D44B7EDF /* Assets.xcassets */ = {isa = PBXFileReference; lastKnownFileType = folder.assetcatalog; path = Assets.xcassets; sourceTree = "<group>"; };
		3455A7BFB334C40F34929B28 /* DockThemePresetViews.swift */ = {isa = PBXFileReference; lastKnownFileType = sourcecode.swift; path = DockThemePresetViews.swift; sourceTree = "<group>"; };
		354D08732371A4156B46E57D /* DockAppearance.swift */ = {isa = PBXFileReference; lastKnownFileType = sourcecode.swift; path = DockAppearance.swift; sourceTree = "<group>"; };
		368ED8FE0E27134A2D52A925 /* SearchOverlayView.swift */ = {isa = PBXFileReference; lastKnownFileType = sourcecode.swift; path = SearchOverlayView.swift; sourceTree = "<group>"; };
		36E0D9F768688445C44FF690 /* DockTileLayoutTests.swift */ = {isa = PBXFileReference; lastKnownFileType = sourcecode.swift; path = DockTileLayoutTests.swift; sourceTree = "<group>"; };
		3851F1CADA70ADDD1FED89D1 /* NearestAssignmentCard.swift */ = {isa = PBXFileReference; lastKnownFileType = sourcecode.swift; path = NearestAssignmentCard.swift; sourceTree = "<group>"; };
		385E74FD3C210D49163658B2 /* AssistantProfiles.swift */ = {isa = PBXFileReference; lastKnownFileType = sourcecode.swift; path = AssistantProfiles.swift; sourceTree = "<group>"; };
		3C81D7C5B54877531FB8560D /* AssignmentCalendarTests.swift */ = {isa = PBXFileReference; lastKnownFileType = sourcecode.swift; path = AssignmentCalendarTests.swift; sourceTree = "<group>"; };
		3D1AD4BF52000EEFFDE32B09 /* CanvasCountdownTests.xctest */ = {isa = PBXFileReference; explicitFileType = wrapper.cfbundle; includeInIndex = 0; path = CanvasCountdownTests.xctest; sourceTree = BUILT_PRODUCTS_DIR; };
		40668D8C1FAC47414991A26D /* Security.framework */ = {isa = PBXFileReference; lastKnownFileType = wrapper.framework; name = Security.framework; path = System/Library/Frameworks/Security.framework; sourceTree = SDKROOT; };
		41F88E929469A17930D9732D /* AssistantService.swift */ = {isa = PBXFileReference; lastKnownFileType = sourcecode.swift; path = AssistantService.swift; sourceTree = "<group>"; };
		49A3FB276155C9EA3C774E19 /* CanvasCountdown.app */ = {isa = PBXFileReference; explicitFileType = wrapper.application; includeInIndex = 0; path = CanvasCountdown.app; sourceTree = BUILT_PRODUCTS_DIR; };
		4EA2450F0BF5C12E1A3D720D /* Preview Assets.xcassets */ = {isa = PBXFileReference; lastKnownFileType = folder.assetcatalog; path = "Preview Assets.xcassets"; sourceTree = "<group>"; };
		52588398CF09248B3E94DACF /* DockThemePresetTests.swift */ = {isa = PBXFileReference; lastKnownFileType = sourcecode.swift; path = DockThemePresetTests.swift; sourceTree = "<group>"; };
		55247B70D6D09DF56B8E6B9E /* CanvasScreenshotParserTests.swift */ = {isa = PBXFileReference; lastKnownFileType = sourcecode.swift; path = CanvasScreenshotParserTests.swift; sourceTree = "<group>"; };
		56F304E836C57FB3DB040EE5 /* ScreenshotOCRService.swift */ = {isa = PBXFileReference; lastKnownFileType = sourcecode.swift; path = ScreenshotOCRService.swift; sourceTree = "<group>"; };
		5857C74C93EF06A42C86FA0E /* AssistantWindowController.swift */ = {isa = PBXFileReference; lastKnownFileType = sourcecode.swift; path = AssistantWindowController.swift; sourceTree = "<group>"; };
		58B0151CB4CE887D1FC7EDAA /* AssistantConversationLog.swift */ = {isa = PBXFileReference; lastKnownFileType = sourcecode.swift; path = AssistantConversationLog.swift; sourceTree = "<group>"; };
		5ABDEF05D9E2174EB73A68B2 /* AssignmentEvent.swift */ = {isa = PBXFileReference; lastKnownFileType = sourcecode.swift; path = AssignmentEvent.swift; sourceTree = "<group>"; };
		5DADDF014908B17CA6199D2D /* CanvasFeedFetcher.swift */ = {isa = PBXFileReference; lastKnownFileType = sourcecode.swift; path = CanvasFeedFetcher.swift; sourceTree = "<group>"; };
		5EEFE4DBCCA8C08167AC19EE /* MainView.swift */ = {isa = PBXFileReference; lastKnownFileType = sourcecode.swift; path = MainView.swift; sourceTree = "<group>"; };
		61BA7EC3B8DA2FAABFCDCED1 /* LaunchAtLoginController.swift */ = {isa = PBXFileReference; lastKnownFileType = sourcecode.swift; path = LaunchAtLoginController.swift; sourceTree = "<group>"; };
		63A9B1441BD07FC4137DFDD5 /* DueTimePolicy.swift */ = {isa = PBXFileReference; lastKnownFileType = sourcecode.swift; path = DueTimePolicy.swift; sourceTree = "<group>"; };
		64DA56943341901368731592 /* AssistantPanelView.swift */ = {isa = PBXFileReference; lastKnownFileType = sourcecode.swift; path = AssistantPanelView.swift; sourceTree = "<group>"; };
		66B3C9BABAA847A452ED760F /* CourseBlocklistStore.swift */ = {isa = PBXFileReference; lastKnownFileType = sourcecode.swift; path = CourseBlocklistStore.swift; sourceTree = "<group>"; };
		66EA62592CF58AA32C47D92F /* DiagnosticsDocument.swift */ = {isa = PBXFileReference; lastKnownFileType = sourcecode.swift; path = DiagnosticsDocument.swift; sourceTree = "<group>"; };
		67437A424E5302E6D524E523 /* AssistantPresentation.swift */ = {isa = PBXFileReference; lastKnownFileType = sourcecode.swift; path = AssistantPresentation.swift; sourceTree = "<group>"; };
		69A7F429FEEB678B1BD75C85 /* LaunchIsolationTests.swift */ = {isa = PBXFileReference; lastKnownFileType = sourcecode.swift; path = LaunchIsolationTests.swift; sourceTree = "<group>"; };
		6A2D146811247D74B191BE47 /* AssistantProfileViews.swift */ = {isa = PBXFileReference; lastKnownFileType = sourcecode.swift; path = AssistantProfileViews.swift; sourceTree = "<group>"; };
		6F92763732B833FCA33AFF38 /* AssistantConversationHistoryTests.swift */ = {isa = PBXFileReference; lastKnownFileType = sourcecode.swift; path = AssistantConversationHistoryTests.swift; sourceTree = "<group>"; };
		722BC99654E82DFC600CF02B /* DockTileLayout.swift */ = {isa = PBXFileReference; lastKnownFileType = sourcecode.swift; path = DockTileLayout.swift; sourceTree = "<group>"; };
		751AAF71611CC0CABC565638 /* DockDigitSpacingTests.swift */ = {isa = PBXFileReference; lastKnownFileType = sourcecode.swift; path = DockDigitSpacingTests.swift; sourceTree = "<group>"; };
		77030799B2DA28706F2F6C2D /* ReminderRule.swift */ = {isa = PBXFileReference; lastKnownFileType = sourcecode.swift; path = ReminderRule.swift; sourceTree = "<group>"; };
		77C58F278177095C16BFAD31 /* DockAndViewModelTests.swift */ = {isa = PBXFileReference; lastKnownFileType = sourcecode.swift; path = DockAndViewModelTests.swift; sourceTree = "<group>"; };
		796F8502D763319D59A3835F /* ScreenshotImportViewModel.swift */ = {isa = PBXFileReference; lastKnownFileType = sourcecode.swift; path = ScreenshotImportViewModel.swift; sourceTree = "<group>"; };
		7DEA51737B391011D243F464 /* AssistantDraftFlowTests.swift */ = {isa = PBXFileReference; lastKnownFileType = sourcecode.swift; path = AssistantDraftFlowTests.swift; sourceTree = "<group>"; };
		7F96CA15B91E4A0B5EA3A6ED /* EventInteractionTests.swift */ = {isa = PBXFileReference; lastKnownFileType = sourcecode.swift; path = EventInteractionTests.swift; sourceTree = "<group>"; };
		81A0EE4153E8C25B319DC86F /* SettingsView.swift */ = {isa = PBXFileReference; lastKnownFileType = sourcecode.swift; path = SettingsView.swift; sourceTree = "<group>"; };
		827B5CA1F3113FDCA6398835 /* FeedReconciliationTests.swift */ = {isa = PBXFileReference; lastKnownFileType = sourcecode.swift; path = FeedReconciliationTests.swift; sourceTree = "<group>"; };
		8471A653DB58BEBA6E3E8AD4 /* MainViewModel.swift */ = {isa = PBXFileReference; lastKnownFileType = sourcecode.swift; path = MainViewModel.swift; sourceTree = "<group>"; };
		86DCBD89094C54B63F614531 /* CountdownCalculatorTests.swift */ = {isa = PBXFileReference; lastKnownFileType = sourcecode.swift; path = CountdownCalculatorTests.swift; sourceTree = "<group>"; };
		89307B88F02B43EF58286C41 /* AppDependencies.swift */ = {isa = PBXFileReference; lastKnownFileType = sourcecode.swift; path = AppDependencies.swift; sourceTree = "<group>"; };
		8CB23E4A7453EB83A9551245 /* NotificationService.swift */ = {isa = PBXFileReference; lastKnownFileType = sourcecode.swift; path = NotificationService.swift; sourceTree = "<group>"; };
		8CFE9B7D621A96F9F3D2D23A /* CalendarMonthGrid.swift */ = {isa = PBXFileReference; lastKnownFileType = sourcecode.swift; path = CalendarMonthGrid.swift; sourceTree = "<group>"; };
		8E21BF89A60639D0876DA8C2 /* EventLabelTests.swift */ = {isa = PBXFileReference; lastKnownFileType = sourcecode.swift; path = EventLabelTests.swift; sourceTree = "<group>"; };
		9378FB9D226843FABE519F96 /* AssistantSaveSummary.swift */ = {isa = PBXFileReference; lastKnownFileType = sourcecode.swift; path = AssistantSaveSummary.swift; sourceTree = "<group>"; };
		95902093C69B7D56B46A3DBE /* DockSizeSelectionTests.swift */ = {isa = PBXFileReference; lastKnownFileType = sourcecode.swift; path = DockSizeSelectionTests.swift; sourceTree = "<group>"; };
		9899653832A95B088689E810 /* ScreenshotImportCoordinator.swift */ = {isa = PBXFileReference; lastKnownFileType = sourcecode.swift; path = ScreenshotImportCoordinator.swift; sourceTree = "<group>"; };
		9A9BD01296587DD6B0C91641 /* representative.ics */ = {isa = PBXFileReference; path = representative.ics; sourceTree = "<group>"; };
		9EE29247354FC8BD0CB02285 /* AssignmentCalendarView.swift */ = {isa = PBXFileReference; lastKnownFileType = sourcecode.swift; path = AssignmentCalendarView.swift; sourceTree = "<group>"; };
		9F9E73BCD06077565AA22181 /* AppKit.framework */ = {isa = PBXFileReference; lastKnownFileType = wrapper.framework; name = AppKit.framework; path = System/Library/Frameworks/AppKit.framework; sourceTree = SDKROOT; };
		9FF309911A3913EA914850F0 /* DockAppearanceTests.swift */ = {isa = PBXFileReference; lastKnownFileType = sourcecode.swift; path = DockAppearanceTests.swift; sourceTree = "<group>"; };
		A17EBF71ACA5C7E9FDB4BCD9 /* ToolbarDisplayModeConfigurator.swift */ = {isa = PBXFileReference; lastKnownFileType = sourcecode.swift; path = ToolbarDisplayModeConfigurator.swift; sourceTree = "<group>"; };
		A6E53D49DEC7CFE3995861D2 /* SidebarView.swift */ = {isa = PBXFileReference; lastKnownFileType = sourcecode.swift; path = SidebarView.swift; sourceTree = "<group>"; };
		A7C04D78D65827131BF4B848 /* CanvasCountdown.entitlements */ = {isa = PBXFileReference; lastKnownFileType = text.plist.entitlements; path = CanvasCountdown.entitlements; sourceTree = "<group>"; };
		A8B6894882DC74C3E721638A /* EventLabel.swift */ = {isa = PBXFileReference; lastKnownFileType = sourcecode.swift; path = EventLabel.swift; sourceTree = "<group>"; };
		AA2876D5254D102642C61016 /* DockTileService.swift */ = {isa = PBXFileReference; lastKnownFileType = sourcecode.swift; path = DockTileService.swift; sourceTree = "<group>"; };
		AC6D32E93DD98F3E7D8998DE /* CanvasFeedFetcherTests.swift */ = {isa = PBXFileReference; lastKnownFileType = sourcecode.swift; path = CanvasFeedFetcherTests.swift; sourceTree = "<group>"; };
		AC943AD74D13FFCB7FE6B925 /* AssignmentCalendar.swift */ = {isa = PBXFileReference; lastKnownFileType = sourcecode.swift; path = AssignmentCalendar.swift; sourceTree = "<group>"; };
		ACF4898F04D7CB05B2B9E3B2 /* ToolbarSearchTests.swift */ = {isa = PBXFileReference; lastKnownFileType = sourcecode.swift; path = ToolbarSearchTests.swift; sourceTree = "<group>"; };
		AD057CBAC80A157FFC612859 /* AssistantTests.swift */ = {isa = PBXFileReference; lastKnownFileType = sourcecode.swift; path = AssistantTests.swift; sourceTree = "<group>"; };
		BA3437FC7C8929C1C76473CE /* LocalModelManager.swift */ = {isa = PBXFileReference; lastKnownFileType = sourcecode.swift; path = LocalModelManager.swift; sourceTree = "<group>"; };
		BA416AAC321EE7477CE225B0 /* CanvasDateTextParserTests.swift */ = {isa = PBXFileReference; lastKnownFileType = sourcecode.swift; path = CanvasDateTextParserTests.swift; sourceTree = "<group>"; };
		BB0100C0F5D51B82DE990269 /* AssistantSettings.swift */ = {isa = PBXFileReference; lastKnownFileType = sourcecode.swift; path = AssistantSettings.swift; sourceTree = "<group>"; };
		BFECB8333F7A843628EE9DBE /* CanvasCountdownApp.swift */ = {isa = PBXFileReference; lastKnownFileType = sourcecode.swift; path = CanvasCountdownApp.swift; sourceTree = "<group>"; };
		C136B69D873BD6603EB4992A /* UndoToastView.swift */ = {isa = PBXFileReference; lastKnownFileType = sourcecode.swift; path = UndoToastView.swift; sourceTree = "<group>"; };
		C8405352AB9D291A1D57D03C /* ImportedEventDetailsView.swift */ = {isa = PBXFileReference; lastKnownFileType = sourcecode.swift; path = ImportedEventDetailsView.swift; sourceTree = "<group>"; };
		CC53AEBB564B8CC911D3B775 /* ReminderScheduleTests.swift */ = {isa = PBXFileReference; lastKnownFileType = sourcecode.swift; path = ReminderScheduleTests.swift; sourceTree = "<group>"; };
		CF44862D6D66155114DB0551 /* AppEnvironment.swift */ = {isa = PBXFileReference; lastKnownFileType = sourcecode.swift; path = AppEnvironment.swift; sourceTree = "<group>"; };
		CF8B1F1723B52C6DE98E2EF0 /* ScreenshotImport.swift */ = {isa = PBXFileReference; lastKnownFileType = sourcecode.swift; path = ScreenshotImport.swift; sourceTree = "<group>"; };
		D12FBF9E9C022B9EBEB41DB2 /* AssignmentRepositoryTests.swift */ = {isa = PBXFileReference; lastKnownFileType = sourcecode.swift; path = AssignmentRepositoryTests.swift; sourceTree = "<group>"; };
		D7BFB7D37A5B236476760DEB /* ICSParserTests.swift */ = {isa = PBXFileReference; lastKnownFileType = sourcecode.swift; path = ICSParserTests.swift; sourceTree = "<group>"; };
		DDA552A954169CE213739BA4 /* PresentationModels.swift */ = {isa = PBXFileReference; lastKnownFileType = sourcecode.swift; path = PresentationModels.swift; sourceTree = "<group>"; };
		DDBBB4E8742512AA2FAF5A01 /* AssignmentRepository.swift */ = {isa = PBXFileReference; lastKnownFileType = sourcecode.swift; path = AssignmentRepository.swift; sourceTree = "<group>"; };
		DE59FA0EFE089B6B928C388C /* ScreenshotImportView.swift */ = {isa = PBXFileReference; lastKnownFileType = sourcecode.swift; path = ScreenshotImportView.swift; sourceTree = "<group>"; };
		DF51BDD6974B71B245AAE12C /* DockTileRenderer.swift */ = {isa = PBXFileReference; lastKnownFileType = sourcecode.swift; path = DockTileRenderer.swift; sourceTree = "<group>"; };
		E130BED4C512B79DB8354236 /* CalendarEventChip.swift */ = {isa = PBXFileReference; lastKnownFileType = sourcecode.swift; path = CalendarEventChip.swift; sourceTree = "<group>"; };
		E1D49100D1712E153967086D /* CourseManagementTests.swift */ = {isa = PBXFileReference; lastKnownFileType = sourcecode.swift; path = CourseManagementTests.swift; sourceTree = "<group>"; };
		E26F90425C17FF762BF4D06E /* UserNotifications.framework */ = {isa = PBXFileReference; lastKnownFileType = wrapper.framework; name = UserNotifications.framework; path = System/Library/Frameworks/UserNotifications.framework; sourceTree = SDKROOT; };
		E3474D2B160F43F1020069F1 /* DueTimePolicyTests.swift */ = {isa = PBXFileReference; lastKnownFileType = sourcecode.swift; path = DueTimePolicyTests.swift; sourceTree = "<group>"; };
		EBD2953A233B06BE92CD4DFC /* FeedExclusionStore.swift */ = {isa = PBXFileReference; lastKnownFileType = sourcecode.swift; path = FeedExclusionStore.swift; sourceTree = "<group>"; };
		EFE33EE5F3A5C159CC490748 /* CourseFilterMenuTests.swift */ = {isa = PBXFileReference; lastKnownFileType = sourcecode.swift; path = CourseFilterMenuTests.swift; sourceTree = "<group>"; };
		F08250DEC107AAC1FD46C78A /* ScreenshotImportWorkflowTests.swift */ = {isa = PBXFileReference; lastKnownFileType = sourcecode.swift; path = ScreenshotImportWorkflowTests.swift; sourceTree = "<group>"; };
		F287B2AE40E5AF90FEA7454B /* IsolatedLaunchServices.swift */ = {isa = PBXFileReference; lastKnownFileType = sourcecode.swift; path = IsolatedLaunchServices.swift; sourceTree = "<group>"; };
		F7473B249AF5056BAC114A76 /* ServiceManagement.framework */ = {isa = PBXFileReference; lastKnownFileType = wrapper.framework; name = ServiceManagement.framework; path = System/Library/Frameworks/ServiceManagement.framework; sourceTree = SDKROOT; };
		F76BC7128DEFCEAA70AC73E7 /* CanvasDateTextParser.swift */ = {isa = PBXFileReference; lastKnownFileType = sourcecode.swift; path = CanvasDateTextParser.swift; sourceTree = "<group>"; };
		FA728C6E0402225EBF5D05FB /* AppSettings.swift */ = {isa = PBXFileReference; lastKnownFileType = sourcecode.swift; path = AppSettings.swift; sourceTree = "<group>"; };
/* End PBXFileReference section */

/* Begin PBXFrameworksBuildPhase section */
		33AD1525A89BAD004BF2255C /* Frameworks */ = {
			isa = PBXFrameworksBuildPhase;
			buildActionMask = 2147483647;
			files = (
				8383FE4ADBFCBA95D5CBE3CC /* AppKit.framework in Frameworks */,
				481366BF3368F9F0C2EC27CA /* Security.framework in Frameworks */,
				B0FCA0D0BFD1BB1C2824ED33 /* ServiceManagement.framework in Frameworks */,
				A08CC38651352FF532B4E7AF /* UserNotifications.framework in Frameworks */,
			);
			runOnlyForDeploymentPostprocessing = 0;
		};
/* End PBXFrameworksBuildPhase section */

/* Begin PBXGroup section */
		0A659133CB9E4F3B23E2B326 /* Views */ = {
			isa = PBXGroup;
			children = (
				9EE29247354FC8BD0CB02285 /* AssignmentCalendarView.swift */,
				64DA56943341901368731592 /* AssistantPanelView.swift */,
				039098D8A1700485F7B7E33D /* FeedImportView.swift */,
				C8405352AB9D291A1D57D03C /* ImportedEventDetailsView.swift */,
				5EEFE4DBCCA8C08167AC19EE /* MainView.swift */,
				0E98E499DB1891628EE75363 /* ManualEventEditorView.swift */,
				DE59FA0EFE089B6B928C388C /* ScreenshotImportView.swift */,
				368ED8FE0E27134A2D52A925 /* SearchOverlayView.swift */,
				81A0EE4153E8C25B319DC86F /* SettingsView.swift */,
				A6E53D49DEC7CFE3995861D2 /* SidebarView.swift */,
				49C0E74E00D43CB956902A9A /* Calendar */,
				CEE19645676A808571BF90C6 /* Components */,
			);
			path = Views;
			sourceTree = "<group>";
		};
		180F361BEF9BB4573D935A81 /* Composition */ = {
			isa = PBXGroup;
			children = (
				89307B88F02B43EF58286C41 /* AppDependencies.swift */,
				CF44862D6D66155114DB0551 /* AppEnvironment.swift */,
				F287B2AE40E5AF90FEA7454B /* IsolatedLaunchServices.swift */,
			);
			path = Composition;
			sourceTree = "<group>";
		};
		2E7043AB98F29055A9DDBD64 /* App */ = {
			isa = PBXGroup;
			children = (
				BFECB8333F7A843628EE9DBE /* CanvasCountdownApp.swift */,
			);
			path = App;
			sourceTree = "<group>";
		};
		34AA37EE651DBCB9BEE42D61 /* Products */ = {
			isa = PBXGroup;
			children = (
				49A3FB276155C9EA3C774E19 /* CanvasCountdown.app */,
				3D1AD4BF52000EEFFDE32B09 /* CanvasCountdownTests.xctest */,
			);
			name = Products;
			sourceTree = "<group>";
		};
		3987C3D208F71897EFBF4D14 /* Persistence */ = {
			isa = PBXGroup;
			children = (
				DDBBB4E8742512AA2FAF5A01 /* AssignmentRepository.swift */,
			);
			path = Persistence;
			sourceTree = "<group>";
		};
		3B9B5D6FAC3FA6BF6417642E /* Core */ = {
			isa = PBXGroup;
			children = (
				AC943AD74D13FFCB7FE6B925 /* AssignmentCalendar.swift */,
				2E4B30037016B79A8EDD6D1A /* CalendarDateEntry.swift */,
				0EC7D0FFBCA2494C4D46C09C /* CalendarTimeGrid.swift */,
				F76BC7128DEFCEAA70AC73E7 /* CanvasDateTextParser.swift */,
				2D127CFD40C17172BFE35651 /* CanvasScreenshotParser.swift */,
				26D022A0B3B11D5F806507BF /* CountdownCalculator.swift */,
				722BC99654E82DFC600CF02B /* DockTileLayout.swift */,
				DF51BDD6974B71B245AAE12C /* DockTileRenderer.swift */,
				63A9B1441BD07FC4137DFDD5 /* DueTimePolicy.swift */,
				099CBA2FB3FF6F3E078E3056 /* ICSParser.swift */,
			);
			path = Core;
			sourceTree = "<group>";
		};
		49C0E74E00D43CB956902A9A /* Calendar */ = {
			isa = PBXGroup;
			children = (
				E130BED4C512B79DB8354236 /* CalendarEventChip.swift */,
				8CFE9B7D621A96F9F3D2D23A /* CalendarMonthGrid.swift */,
				10B3D92E89D39E5ED1A50756 /* CalendarTimeGridView.swift */,
				267746207E9601DA548A31CC /* CalendarYearGrid.swift */,
			);
			path = Calendar;
			sourceTree = "<group>";
		};
		518D616AF676947148A888D2 /* Models */ = {
			isa = PBXGroup;
			children = (
				FA728C6E0402225EBF5D05FB /* AppSettings.swift */,
				5ABDEF05D9E2174EB73A68B2 /* AssignmentEvent.swift */,
				58B0151CB4CE887D1FC7EDAA /* AssistantConversationLog.swift */,
				67437A424E5302E6D524E523 /* AssistantPresentation.swift */,
				385E74FD3C210D49163658B2 /* AssistantProfiles.swift */,
				9378FB9D226843FABE519F96 /* AssistantSaveSummary.swift */,
				BB0100C0F5D51B82DE990269 /* AssistantSettings.swift */,
				354D08732371A4156B46E57D /* DockAppearance.swift */,
				1B8ECA63C4D9FF561B91D33E /* DockThemePresets.swift */,
				A8B6894882DC74C3E721638A /* EventLabel.swift */,
				77030799B2DA28706F2F6C2D /* ReminderRule.swift */,
				CF8B1F1723B52C6DE98E2EF0 /* ScreenshotImport.swift */,
			);
			path = Models;
			sourceTree = "<group>";
		};
		56BD4E8DF2E242AB9A80F412 /* Preview Content */ = {
			isa = PBXGroup;
			children = (
				4EA2450F0BF5C12E1A3D720D /* Preview Assets.xcassets */,
			);
			path = "Preview Content";
			sourceTree = "<group>";
		};
		5B63910E93E57BA6F64E6FCE /* CanvasCountdown */ = {
			isa = PBXGroup;
			children = (
				2E7043AB98F29055A9DDBD64 /* App */,
				180F361BEF9BB4573D935A81 /* Composition */,
				3B9B5D6FAC3FA6BF6417642E /* Core */,
				518D616AF676947148A888D2 /* Models */,
				3987C3D208F71897EFBF4D14 /* Persistence */,
				56BD4E8DF2E242AB9A80F412 /* Preview Content */,
				DE44FED3FF31C0978EE005C2 /* Resources */,
				C1193CEA8BA431F913F2DB47 /* Services */,
				8B48D5C514B837DC2BB4655A /* ViewModels */,
				0A659133CB9E4F3B23E2B326 /* Views */,
			);
			path = CanvasCountdown;
			sourceTree = "<group>";
		};
		6F0F578D54E38BFFF721995E /* Frameworks */ = {
			isa = PBXGroup;
			children = (
				9F9E73BCD06077565AA22181 /* AppKit.framework */,
				40668D8C1FAC47414991A26D /* Security.framework */,
				F7473B249AF5056BAC114A76 /* ServiceManagement.framework */,
				E26F90425C17FF762BF4D06E /* UserNotifications.framework */,
			);
			name = Frameworks;
			sourceTree = "<group>";
		};
		82CE6E954735530EEA932966 = {
			isa = PBXGroup;
			children = (
				5B63910E93E57BA6F64E6FCE /* CanvasCountdown */,
				896F7EBE478F5F033C989058 /* CanvasCountdownTests */,
				6F0F578D54E38BFFF721995E /* Frameworks */,
				34AA37EE651DBCB9BEE42D61 /* Products */,
			);
			sourceTree = "<group>";
		};
		896F7EBE478F5F033C989058 /* CanvasCountdownTests */ = {
			isa = PBXGroup;
			children = (
				3C81D7C5B54877531FB8560D /* AssignmentCalendarTests.swift */,
				D12FBF9E9C022B9EBEB41DB2 /* AssignmentRepositoryTests.swift */,
				6F92763732B833FCA33AFF38 /* AssistantConversationHistoryTests.swift */,
				7DEA51737B391011D243F464 /* AssistantDraftFlowTests.swift */,
				2D06D17D01752328E2F42A9D /* AssistantPresentationTests.swift */,
				03528D203FB1AE279B5112B4 /* AssistantProfileTests.swift */,
				0BCBF6AE8B50F12FD06E0984 /* AssistantSaveConfirmationTests.swift */,
				AD057CBAC80A157FFC612859 /* AssistantTests.swift */,
				176CA8FA69093D138B83A526 /* CalendarScaleTests.swift */,
				BA416AAC321EE7477CE225B0 /* CanvasDateTextParserTests.swift */,
				AC6D32E93DD98F3E7D8998DE /* CanvasFeedFetcherTests.swift */,
				55247B70D6D09DF56B8E6B9E /* CanvasScreenshotParserTests.swift */,
				EFE33EE5F3A5C159CC490748 /* CourseFilterMenuTests.swift */,
				E1D49100D1712E153967086D /* CourseManagementTests.swift */,
				282F4005FAF96A677845EDC4 /* CourseScopeTests.swift */,
				77C58F278177095C16BFAD31 /* DockAndViewModelTests.swift */,
				9FF309911A3913EA914850F0 /* DockAppearanceTests.swift */,
				751AAF71611CC0CABC565638 /* DockDigitSpacingTests.swift */,
				95902093C69B7D56B46A3DBE /* DockSizeSelectionTests.swift */,
				52588398CF09248B3E94DACF /* DockThemePresetTests.swift */,
				36E0D9F768688445C44FF690 /* DockTileLayoutTests.swift */,
				E3474D2B160F43F1020069F1 /* DueTimePolicyTests.swift */,
				7F96CA15B91E4A0B5EA3A6ED /* EventInteractionTests.swift */,
				8E21BF89A60639D0876DA8C2 /* EventLabelTests.swift */,
				827B5CA1F3113FDCA6398835 /* FeedReconciliationTests.swift */,
				27B7B3F64ED12909217BFB39 /* ICSRefreshRegressionTests.swift */,
				313BE752B7E3E167E9DF44FA /* ImmediateSettingsTests.swift */,
				69A7F429FEEB678B1BD75C85 /* LaunchIsolationTests.swift */,
				26A8C5482738CA906A45CAAE /* LocalModelManagerTests.swift */,
				22E3E6DF97A57BE73540585B /* RefreshCoordinatorTests.swift */,
				CC53AEBB564B8CC911D3B775 /* ReminderScheduleTests.swift */,
				F08250DEC107AAC1FD46C78A /* ScreenshotImportWorkflowTests.swift */,
				ACF4898F04D7CB05B2B9E3B2 /* ToolbarSearchTests.swift */,
				E4DBC9BE28737C1AE1BE022D /* CoreTests */,
				F2C1A75C8A8FEEA70D28E090 /* Fixtures */,
			);
			path = CanvasCountdownTests;
			sourceTree = "<group>";
		};
		8B48D5C514B837DC2BB4655A /* ViewModels */ = {
			isa = PBXGroup;
			children = (
				66EA62592CF58AA32C47D92F /* DiagnosticsDocument.swift */,
				61BA7EC3B8DA2FAABFCDCED1 /* LaunchAtLoginController.swift */,
				8471A653DB58BEBA6E3E8AD4 /* MainViewModel.swift */,
				DDA552A954169CE213739BA4 /* PresentationModels.swift */,
				796F8502D763319D59A3835F /* ScreenshotImportViewModel.swift */,
			);
			path = ViewModels;
			sourceTree = "<group>";
		};
		C1193CEA8BA431F913F2DB47 /* Services */ = {
			isa = PBXGroup;
			children = (
				41F88E929469A17930D9732D /* AssistantService.swift */,
				5DADDF014908B17CA6199D2D /* CanvasFeedFetcher.swift */,
				66B3C9BABAA847A452ED760F /* CourseBlocklistStore.swift */,
				AA2876D5254D102642C61016 /* DockTileService.swift */,
				EBD2953A233B06BE92CD4DFC /* FeedExclusionStore.swift */,
				149E8CDBDEB48DECA04640F8 /* KeychainFeedURLStore.swift */,
				BA3437FC7C8929C1C76473CE /* LocalModelManager.swift */,
				8CB23E4A7453EB83A9551245 /* NotificationService.swift */,
				2792182D2C91DAEF8CA975CC /* RefreshCoordinator.swift */,
				9899653832A95B088689E810 /* ScreenshotImportCoordinator.swift */,
				56F304E836C57FB3DB040EE5 /* ScreenshotOCRService.swift */,
			);
			path = Services;
			sourceTree = "<group>";
		};
		CEE19645676A808571BF90C6 /* Components */ = {
			isa = PBXGroup;
			children = (
				0F33CE0026A029FBF9E7C6F8 /* AssignmentRowView.swift */,
				6A2D146811247D74B191BE47 /* AssistantProfileViews.swift */,
				5857C74C93EF06A42C86FA0E /* AssistantWindowController.swift */,
				2CA86D6406ED0313CEC54CD4 /* CourseManagementActions.swift */,
				3455A7BFB334C40F34929B28 /* DockThemePresetViews.swift */,
				25B61814CD86EC18BB18B723 /* EventLabelViews.swift */,
				1E0FBABB82AB36D2190596E2 /* LocalModelPresentation.swift */,
				3851F1CADA70ADDD1FED89D1 /* NearestAssignmentCard.swift */,
				A17EBF71ACA5C7E9FDB4BCD9 /* ToolbarDisplayModeConfigurator.swift */,
				C136B69D873BD6603EB4992A /* UndoToastView.swift */,
			);
			path = Components;
			sourceTree = "<group>";
		};
		DE44FED3FF31C0978EE005C2 /* Resources */ = {
			isa = PBXGroup;
			children = (
				32AA2CD44F2D8FD2D44B7EDF /* Assets.xcassets */,
				A7C04D78D65827131BF4B848 /* CanvasCountdown.entitlements */,
			);
			path = Resources;
			sourceTree = "<group>";
		};
		E4DBC9BE28737C1AE1BE022D /* CoreTests */ = {
			isa = PBXGroup;
			children = (
				86DCBD89094C54B63F614531 /* CountdownCalculatorTests.swift */,
				D7BFB7D37A5B236476760DEB /* ICSParserTests.swift */,
			);
			path = CoreTests;
			sourceTree = "<group>";
		};
		F2C1A75C8A8FEEA70D28E090 /* Fixtures */ = {
			isa = PBXGroup;
			children = (
				9A9BD01296587DD6B0C91641 /* representative.ics */,
			);
			path = Fixtures;
			sourceTree = "<group>";
		};
/* End PBXGroup section */

/* Begin PBXNativeTarget section */
		C7674B2EE4779A1107F269F5 /* CanvasCountdown */ = {
			isa = PBXNativeTarget;
			buildConfigurationList = 9347464FB35404B283C4F56E /* Build configuration list for PBXNativeTarget "CanvasCountdown" */;
			buildPhases = (
				566FECCBBAC74D368C156232 /* Sources */,
				BB4EF4E9E8B469E5B82B816E /* Resources */,
				33AD1525A89BAD004BF2255C /* Frameworks */,
			);
			buildRules = (
			);
			dependencies = (
			);
			name = CanvasCountdown;
			packageProductDependencies = (
			);
			productName = CanvasCountdown;
			productReference = 49A3FB276155C9EA3C774E19 /* CanvasCountdown.app */;
			productType = "com.apple.product-type.application";
		};
		EA57B315669773534683F790 /* CanvasCountdownTests */ = {
			isa = PBXNativeTarget;
			buildConfigurationList = 8AB3DC6F1C4E7B08CB04AB8E /* Build configuration list for PBXNativeTarget "CanvasCountdownTests" */;
			buildPhases = (
				38EA45562563D17F1BFE825E /* Sources */,
				A42F54069F24A72BE1EBC96E /* Resources */,
			);
			buildRules = (
			);
			dependencies = (
				8731671C85DC561962438092 /* PBXTargetDependency */,
			);
			name = CanvasCountdownTests;
			packageProductDependencies = (
			);
			productName = CanvasCountdownTests;
			productReference = 3D1AD4BF52000EEFFDE32B09 /* CanvasCountdownTests.xctest */;
			productType = "com.apple.product-type.bundle.unit-test";
		};
/* End PBXNativeTarget section */

/* Begin PBXProject section */
		4E3338BFFAE524E3E11019C1 /* Project object */ = {
			isa = PBXProject;
			attributes = {
				BuildIndependentTargetsInParallel = YES;
				LastUpgradeCheck = 2600;
				TargetAttributes = {
				};
			};
			buildConfigurationList = 69D1155EFD082732F194F273 /* Build configuration list for PBXProject "CanvasCountdown" */;
			compatibilityVersion = "Xcode 14.0";
			developmentRegion = en;
			hasScannedForEncodings = 0;
			knownRegions = (
				Base,
				en,
			);
			mainGroup = 82CE6E954735530EEA932966;
			minimizedProjectReferenceProxies = 1;
			preferredProjectObjectVersion = 54;
			projectDirPath = "";
			projectRoot = "";
			targets = (
				C7674B2EE4779A1107F269F5 /* CanvasCountdown */,
				EA57B315669773534683F790 /* CanvasCountdownTests */,
			);
		};
/* End PBXProject section */

/* Begin PBXResourcesBuildPhase section */
		A42F54069F24A72BE1EBC96E /* Resources */ = {
			isa = PBXResourcesBuildPhase;
			buildActionMask = 2147483647;
			files = (
				32171BC4B510B9A193DC63AE /* representative.ics in Resources */,
			);
			runOnlyForDeploymentPostprocessing = 0;
		};
		BB4EF4E9E8B469E5B82B816E /* Resources */ = {
			isa = PBXResourcesBuildPhase;
			buildActionMask = 2147483647;
			files = (
				9FADE4ABA16E4D8EEC1B1176 /* Assets.xcassets in Resources */,
				4B19C4F14552EDE139926B41 /* Preview Assets.xcassets in Resources */,
			);
			runOnlyForDeploymentPostprocessing = 0;
		};
/* End PBXResourcesBuildPhase section */

/* Begin PBXSourcesBuildPhase section */
		38EA45562563D17F1BFE825E /* Sources */ = {
			isa = PBXSourcesBuildPhase;
			buildActionMask = 2147483647;
			files = (
				60CAAF02CD0A8552A79C6CC8 /* AssignmentCalendarTests.swift in Sources */,
				C5FA2CDB06658BADAD564F20 /* AssignmentRepositoryTests.swift in Sources */,
				7403094F4D221AB02FE4BB65 /* AssistantConversationHistoryTests.swift in Sources */,
				5D704FB92C8392010FD9ED9F /* AssistantDraftFlowTests.swift in Sources */,
				F4D6638A438BE214257C99B5 /* AssistantPresentationTests.swift in Sources */,
				EBB912F22977D326572CE0FC /* AssistantProfileTests.swift in Sources */,
				F9DA37CC9F1F504DC9CCD358 /* AssistantSaveConfirmationTests.swift in Sources */,
				4AA68D420BCAF0DEE75A5E26 /* AssistantTests.swift in Sources */,
				1BAD9753198685C085F9F67C /* CalendarScaleTests.swift in Sources */,
				D819A504296ACA82DC7FCA12 /* CanvasDateTextParserTests.swift in Sources */,
				86C72D220246FD00CC940DB0 /* CanvasFeedFetcherTests.swift in Sources */,
				B5083DB1028BE9682BCB0511 /* CanvasScreenshotParserTests.swift in Sources */,
				FC8400DCCC428468DB844F8C /* CountdownCalculatorTests.swift in Sources */,
				B07D431C640241F7C8EC2D70 /* CourseFilterMenuTests.swift in Sources */,
				E73906F3AA55E1E3708AA0CC /* CourseManagementTests.swift in Sources */,
				F7DB77F45A451F93DB60B92C /* CourseScopeTests.swift in Sources */,
				C16421F07BCD84EEE422B35A /* DockAndViewModelTests.swift in Sources */,
				9ECA4478F3861710E63C2F42 /* DockAppearanceTests.swift in Sources */,
				DBA66166C20757BECB573252 /* DockDigitSpacingTests.swift in Sources */,
				860861B6C0D84E5C649EBDFD /* DockSizeSelectionTests.swift in Sources */,
				FE7493F033C47898361B9F3C /* DockThemePresetTests.swift in Sources */,
				317C1AD7B70137166D6066C7 /* DockTileLayoutTests.swift in Sources */,
				39F1333FEA72A92210E56C14 /* DueTimePolicyTests.swift in Sources */,
				4524E510E23EF70ABDD68742 /* EventInteractionTests.swift in Sources */,
				C90FAE30191A4C508961E9C6 /* EventLabelTests.swift in Sources */,
				E65A84744E385683A8B44B85 /* FeedReconciliationTests.swift in Sources */,
				468C50E4CA3946964D02D708 /* ICSParserTests.swift in Sources */,
				FD39C43E33EF28EB1A1019D4 /* ICSRefreshRegressionTests.swift in Sources */,
				D88CBFBD1048289F3BCC5147 /* ImmediateSettingsTests.swift in Sources */,
				723BD80A984A3EF5E5052D58 /* LaunchIsolationTests.swift in Sources */,
				CA46E10EBC54D5D851128060 /* LocalModelManagerTests.swift in Sources */,
				B360C603B0A811EC158A3BA9 /* RefreshCoordinatorTests.swift in Sources */,
				8C2FFCFCC43E1DAB1F0BFD57 /* ReminderScheduleTests.swift in Sources */,
				B281D9589272AEB45F58FE78 /* ScreenshotImportWorkflowTests.swift in Sources */,
				0F6EE63CD85B34B406083EA7 /* ToolbarSearchTests.swift in Sources */,
			);
			runOnlyForDeploymentPostprocessing = 0;
		};
		566FECCBBAC74D368C156232 /* Sources */ = {
			isa = PBXSourcesBuildPhase;
			buildActionMask = 2147483647;
			files = (
				118673876157DD94F0AF31B4 /* AppDependencies.swift in Sources */,
				3C95666807557DF0AC2BAB00 /* AppEnvironment.swift in Sources */,
				DF1DBDC5BFBD96445527CCDB /* AppSettings.swift in Sources */,
				32374A60687C6E9501CDB7AF /* AssignmentCalendar.swift in Sources */,
				33B470CD406DFA708FFF5A87 /* AssignmentCalendarView.swift in Sources */,
				207ECB3CDA432C977A51C6B6 /* AssignmentEvent.swift in Sources */,
				8F05A920BA26644F1A846157 /* AssignmentRepository.swift in Sources */,
				C465D6530DCC2B2B59101061 /* AssignmentRowView.swift in Sources */,
				15E3627E77A2F46F40450957 /* AssistantConversationLog.swift in Sources */,
				DC66BCA36AC21FFCF52F0EE7 /* AssistantPanelView.swift in Sources */,
				848D9224180F580C027E38FB /* AssistantPresentation.swift in Sources */,
				B017797EC0B2E19F5C36430C /* AssistantProfileViews.swift in Sources */,
				BAA4E2505C78EE47739D2E12 /* AssistantProfiles.swift in Sources */,
				F44964BB31E209C36D51DAF1 /* AssistantSaveSummary.swift in Sources */,
				458BD306852C568BFD818170 /* AssistantService.swift in Sources */,
				93DA62B41C768B713C5AF2DB /* AssistantSettings.swift in Sources */,
				B0567EF05ADCE72C3E4FA4F9 /* AssistantWindowController.swift in Sources */,
				8A6D175FF58DFAC27530998B /* CalendarDateEntry.swift in Sources */,
				2F604F6641B2096AF3D40A48 /* CalendarEventChip.swift in Sources */,
				4CE676FAFFBEA8917042828A /* CalendarMonthGrid.swift in Sources */,
				6B6DA8186D4EE4F17FBA0C08 /* CalendarTimeGrid.swift in Sources */,
				E6AEC31FD35E3BCF8AFAAA3E /* CalendarTimeGridView.swift in Sources */,
				F31FC7EE56E8FBC52BE623E5 /* CalendarYearGrid.swift in Sources */,
				E8EE34FA5853590E9242C1F3 /* CanvasCountdownApp.swift in Sources */,
				8F3B103D54BF8DEF9C98717A /* CanvasDateTextParser.swift in Sources */,
				5A8A98B82182A95BE9DA0309 /* CanvasFeedFetcher.swift in Sources */,
				ADAB8B2A9F463069586E19CA /* CanvasScreenshotParser.swift in Sources */,
				C9AC8533F40AEA60491EDF0D /* CountdownCalculator.swift in Sources */,
				63EFCC496C7A4C0DFF4A0929 /* CourseBlocklistStore.swift in Sources */,
				8A0B71EB1F173CE0A9DD3D2A /* CourseManagementActions.swift in Sources */,
				E39AF3707BB8EC345F0B8944 /* DiagnosticsDocument.swift in Sources */,
				34138A103A3EE5577656AF0C /* DockAppearance.swift in Sources */,
				6DA22CE15DD7F5A8A7013A8A /* DockThemePresetViews.swift in Sources */,
				25A3E6D582ED84D3E54E53FF /* DockThemePresets.swift in Sources */,
				9B47B94F2FE60BCAC73AA55A /* DockTileLayout.swift in Sources */,
				DFD3F852058A150207DE7E16 /* DockTileRenderer.swift in Sources */,
				BB369EA6E3C95E2F099BCF5C /* DockTileService.swift in Sources */,
				F2FC17B1027C13F1F2103578 /* DueTimePolicy.swift in Sources */,
				8AE1D56E8A0687CE7C76FBD1 /* EventLabel.swift in Sources */,
				C5EF2B9F0E9D8D506A700E1E /* EventLabelViews.swift in Sources */,
				4A3C9328B7FE3B6B7783F4C6 /* FeedExclusionStore.swift in Sources */,
				FB33C9AAD41A82689EEB3F69 /* FeedImportView.swift in Sources */,
				AA5276B7683D872920ED9B84 /* ICSParser.swift in Sources */,
				E8DF34C7D2F4D53258CBD25D /* ImportedEventDetailsView.swift in Sources */,
				F4F7F34451640CBFCCD84676 /* IsolatedLaunchServices.swift in Sources */,
				78E7574412F37F9F1012755F /* KeychainFeedURLStore.swift in Sources */,
				9E1869235312809AF07D16A2 /* LaunchAtLoginController.swift in Sources */,
				961FDDE565A1B9364F3BA201 /* LocalModelManager.swift in Sources */,
				946A3D2BC6075C8A5DC7C076 /* LocalModelPresentation.swift in Sources */,
				205D4C4555148E2EBF08D525 /* MainView.swift in Sources */,
				9FAAF64D5235501A782E08C4 /* MainViewModel.swift in Sources */,
				7CD0391A62302E133B4B93C1 /* ManualEventEditorView.swift in Sources */,
				9C29E48C0B1610E753799035 /* NearestAssignmentCard.swift in Sources */,
				B8B433A900556A044BB747E9 /* NotificationService.swift in Sources */,
				BB9AF632D8B290AAAE2AB220 /* PresentationModels.swift in Sources */,
				40711829F2493E315B650325 /* RefreshCoordinator.swift in Sources */,
				6D2185C2E69D3FE65F38B041 /* ReminderRule.swift in Sources */,
				7D0532723AF869C668B7F434 /* ScreenshotImport.swift in Sources */,
				C522AE475E64161034193F1A /* ScreenshotImportCoordinator.swift in Sources */,
				316D11C4638443151AEB32D0 /* ScreenshotImportView.swift in Sources */,
				755F8C624EDAE21D96CADB27 /* ScreenshotImportViewModel.swift in Sources */,
				2D101EAEF8C2AF5C948954F6 /* ScreenshotOCRService.swift in Sources */,
				F89A84DDC7F58831320786F2 /* SearchOverlayView.swift in Sources */,
				2C2EB95EEFDD77419A2B9306 /* SettingsView.swift in Sources */,
				10566BFC7E72DA5AFBA70F95 /* SidebarView.swift in Sources */,
				A46C085D5793C154599F9A6E /* ToolbarDisplayModeConfigurator.swift in Sources */,
				07D09C9232F053D255C3F545 /* UndoToastView.swift in Sources */,
			);
			runOnlyForDeploymentPostprocessing = 0;
		};
/* End PBXSourcesBuildPhase section */

/* Begin PBXTargetDependency section */
		8731671C85DC561962438092 /* PBXTargetDependency */ = {
			isa = PBXTargetDependency;
			target = C7674B2EE4779A1107F269F5 /* CanvasCountdown */;
			targetProxy = CF1A3CC1FD87D0200C8D3397 /* PBXContainerItemProxy */;
		};
/* End PBXTargetDependency section */

/* Begin XCBuildConfiguration section */
		400A03BD6706E0F9128B04E5 /* Release */ = {
			isa = XCBuildConfiguration;
			buildSettings = {
				BUNDLE_LOADER = "$(TEST_HOST)";
				COMBINE_HIDPI_IMAGES = YES;
				GENERATE_INFOPLIST_FILE = YES;
				LD_RUNPATH_SEARCH_PATHS = (
					"$(inherited)",
					"@executable_path/../Frameworks",
					"@loader_path/../Frameworks",
				);
				OTHER_SWIFT_FLAGS = "$(inherited) -disable-sandbox";
				PRODUCT_BUNDLE_IDENTIFIER = io.github.le23967.CanvasCountdownTests;
				SDKROOT = macosx;
				SWIFT_STRICT_CONCURRENCY = complete;
				TEST_HOST = "$(BUILT_PRODUCTS_DIR)/CanvasCountdown.app/Contents/MacOS/CanvasCountdown";
			};
			name = Release;
		};
		499CC4664340F26812033BFB /* Release */ = {
			isa = XCBuildConfiguration;
			buildSettings = {
				ASSETCATALOG_COMPILER_APPICON_NAME = AppIcon;
				CODE_SIGN_ENTITLEMENTS = CanvasCountdown/Resources/CanvasCountdown.entitlements;
				COMBINE_HIDPI_IMAGES = YES;
				CURRENT_PROJECT_VERSION = 1;
				DEVELOPMENT_ASSET_PATHS = "\"CanvasCountdown/Preview Content\"";
				GENERATE_INFOPLIST_FILE = YES;
				INFOPLIST_KEY_CFBundleDisplayName = "Canvas Countdown";
				INFOPLIST_KEY_LSApplicationCategoryType = "public.app-category.productivity";
				INFOPLIST_KEY_NSHumanReadableCopyright = "Copyright © 2026";
				LD_RUNPATH_SEARCH_PATHS = (
					"$(inherited)",
					"@executable_path/../Frameworks",
				);
				MARKETING_VERSION = 1.0.0;
				OTHER_SWIFT_FLAGS = "$(inherited) -disable-sandbox";
				PRODUCT_BUNDLE_IDENTIFIER = io.github.le23967.CanvasCountdown;
				PRODUCT_MODULE_NAME = CanvasCountdown;
				PRODUCT_NAME = CanvasCountdown;
				SDKROOT = macosx;
			};
			name = Release;
		};
		538400C6AEFCBB4B088B00F7 /* Debug */ = {
			isa = XCBuildConfiguration;
			buildSettings = {
				ALWAYS_SEARCH_USER_PATHS = NO;
				CLANG_ANALYZER_NONNULL = YES;
				CLANG_ANALYZER_NUMBER_OBJECT_CONVERSION = YES_AGGRESSIVE;
				CLANG_CXX_LANGUAGE_STANDARD = "gnu++14";
				CLANG_CXX_LIBRARY = "libc++";
				CLANG_ENABLE_MODULES = YES;
				CLANG_ENABLE_OBJC_ARC = YES;
				CLANG_ENABLE_OBJC_WEAK = YES;
				CLANG_WARN_BLOCK_CAPTURE_AUTORELEASING = YES;
				CLANG_WARN_BOOL_CONVERSION = YES;
				CLANG_WARN_COMMA = YES;
				CLANG_WARN_CONSTANT_CONVERSION = YES;
				CLANG_WARN_DEPRECATED_OBJC_IMPLEMENTATIONS = YES;
				CLANG_WARN_DIRECT_OBJC_ISA_USAGE = YES_ERROR;
				CLANG_WARN_DOCUMENTATION_COMMENTS = YES;
				CLANG_WARN_EMPTY_BODY = YES;
				CLANG_WARN_ENUM_CONVERSION = YES;
				CLANG_WARN_INFINITE_RECURSION = YES;
				CLANG_WARN_INT_CONVERSION = YES;
				CLANG_WARN_NON_LITERAL_NULL_CONVERSION = YES;
				CLANG_WARN_OBJC_IMPLICIT_RETAIN_SELF = YES;
				CLANG_WARN_OBJC_LITERAL_CONVERSION = YES;
				CLANG_WARN_OBJC_ROOT_CLASS = YES_ERROR;
				CLANG_WARN_QUOTED_INCLUDE_IN_FRAMEWORK_HEADER = YES;
				CLANG_WARN_RANGE_LOOP_ANALYSIS = YES;
				CLANG_WARN_STRICT_PROTOTYPES = YES;
				CLANG_WARN_SUSPICIOUS_MOVE = YES;
				CLANG_WARN_UNGUARDED_AVAILABILITY = YES_AGGRESSIVE;
				CLANG_WARN_UNREACHABLE_CODE = YES;
				CLANG_WARN__DUPLICATE_METHOD_MATCH = YES;
				COPY_PHASE_STRIP = NO;
				DEBUG_INFORMATION_FORMAT = dwarf;
				ENABLE_HARDENED_RUNTIME = YES;
				ENABLE_STRICT_OBJC_MSGSEND = YES;
				ENABLE_TESTABILITY = YES;
				GCC_C_LANGUAGE_STANDARD = gnu11;
				GCC_DYNAMIC_NO_PIC = NO;
				GCC_NO_COMMON_BLOCKS = YES;
				GCC_OPTIMIZATION_LEVEL = 0;
				GCC_PREPROCESSOR_DEFINITIONS = (
					"$(inherited)",
					"DEBUG=1",
				);
				GCC_WARN_64_TO_32_BIT_CONVERSION = YES;
				GCC_WARN_ABOUT_RETURN_TYPE = YES_ERROR;
				GCC_WARN_UNDECLARED_SELECTOR = YES;
				GCC_WARN_UNINITIALIZED_AUTOS = YES_AGGRESSIVE;
				GCC_WARN_UNUSED_FUNCTION = YES;
				GCC_WARN_UNUSED_VARIABLE = YES;
				MACOSX_DEPLOYMENT_TARGET = 15.0;
				MTL_ENABLE_DEBUG_INFO = INCLUDE_SOURCE;
				MTL_FAST_MATH = YES;
				ONLY_ACTIVE_ARCH = YES;
				PRODUCT_NAME = "$(TARGET_NAME)";
				SDKROOT = macosx;
				SWIFT_ACTIVE_COMPILATION_CONDITIONS = DEBUG;
				SWIFT_OPTIMIZATION_LEVEL = "-Onone";
				SWIFT_STRICT_CONCURRENCY = complete;
				SWIFT_VERSION = 6.0;
			};
			name = Debug;
		};
		5E13B6417E65807D349F7776 /* Debug */ = {
			isa = XCBuildConfiguration;
			buildSettings = {
				BUNDLE_LOADER = "$(TEST_HOST)";
				COMBINE_HIDPI_IMAGES = YES;
				GENERATE_INFOPLIST_FILE = YES;
				LD_RUNPATH_SEARCH_PATHS = (
					"$(inherited)",
					"@executable_path/../Frameworks",
					"@loader_path/../Frameworks",
				);
				OTHER_SWIFT_FLAGS = "$(inherited) -disable-sandbox";
				PRODUCT_BUNDLE_IDENTIFIER = io.github.le23967.CanvasCountdownTests;
				SDKROOT = macosx;
				SWIFT_STRICT_CONCURRENCY = complete;
				TEST_HOST = "$(BUILT_PRODUCTS_DIR)/CanvasCountdown.app/Contents/MacOS/CanvasCountdown";
			};
			name = Debug;
		};
		72161C67CEE34F34D5C9BEB9 /* Debug */ = {
			isa = XCBuildConfiguration;
			buildSettings = {
				ASSETCATALOG_COMPILER_APPICON_NAME = AppIcon;
				CODE_SIGN_ENTITLEMENTS = CanvasCountdown/Resources/CanvasCountdown.entitlements;
				COMBINE_HIDPI_IMAGES = YES;
				CURRENT_PROJECT_VERSION = 1;
				DEVELOPMENT_ASSET_PATHS = "\"CanvasCountdown/Preview Content\"";
				GENERATE_INFOPLIST_FILE = YES;
				INFOPLIST_KEY_CFBundleDisplayName = "Canvas Countdown";
				INFOPLIST_KEY_LSApplicationCategoryType = "public.app-category.productivity";
				INFOPLIST_KEY_NSHumanReadableCopyright = "Copyright © 2026";
				LD_RUNPATH_SEARCH_PATHS = (
					"$(inherited)",
					"@executable_path/../Frameworks",
				);
				MARKETING_VERSION = 1.0.0;
				OTHER_SWIFT_FLAGS = "$(inherited) -disable-sandbox";
				PRODUCT_BUNDLE_IDENTIFIER = io.github.le23967.CanvasCountdown;
				PRODUCT_MODULE_NAME = CanvasCountdown;
				PRODUCT_NAME = CanvasCountdown;
				SDKROOT = macosx;
			};
			name = Debug;
		};
		7959C726BD64C71B6499C1C2 /* Release */ = {
			isa = XCBuildConfiguration;
			buildSettings = {
				ALWAYS_SEARCH_USER_PATHS = NO;
				CLANG_ANALYZER_NONNULL = YES;
				CLANG_ANALYZER_NUMBER_OBJECT_CONVERSION = YES_AGGRESSIVE;
				CLANG_CXX_LANGUAGE_STANDARD = "gnu++14";
				CLANG_CXX_LIBRARY = "libc++";
				CLANG_ENABLE_MODULES = YES;
				CLANG_ENABLE_OBJC_ARC = YES;
				CLANG_ENABLE_OBJC_WEAK = YES;
				CLANG_WARN_BLOCK_CAPTURE_AUTORELEASING = YES;
				CLANG_WARN_BOOL_CONVERSION = YES;
				CLANG_WARN_COMMA = YES;
				CLANG_WARN_CONSTANT_CONVERSION = YES;
				CLANG_WARN_DEPRECATED_OBJC_IMPLEMENTATIONS = YES;
				CLANG_WARN_DIRECT_OBJC_ISA_USAGE = YES_ERROR;
				CLANG_WARN_DOCUMENTATION_COMMENTS = YES;
				CLANG_WARN_EMPTY_BODY = YES;
				CLANG_WARN_ENUM_CONVERSION = YES;
				CLANG_WARN_INFINITE_RECURSION = YES;
				CLANG_WARN_INT_CONVERSION = YES;
				CLANG_WARN_NON_LITERAL_NULL_CONVERSION = YES;
				CLANG_WARN_OBJC_IMPLICIT_RETAIN_SELF = YES;
				CLANG_WARN_OBJC_LITERAL_CONVERSION = YES;
				CLANG_WARN_OBJC_ROOT_CLASS = YES_ERROR;
				CLANG_WARN_QUOTED_INCLUDE_IN_FRAMEWORK_HEADER = YES;
				CLANG_WARN_RANGE_LOOP_ANALYSIS = YES;
				CLANG_WARN_STRICT_PROTOTYPES = YES;
				CLANG_WARN_SUSPICIOUS_MOVE = YES;
				CLANG_WARN_UNGUARDED_AVAILABILITY = YES_AGGRESSIVE;
				CLANG_WARN_UNREACHABLE_CODE = YES;
				CLANG_WARN__DUPLICATE_METHOD_MATCH = YES;
				COPY_PHASE_STRIP = NO;
				DEBUG_INFORMATION_FORMAT = "dwarf-with-dsym";
				ENABLE_HARDENED_RUNTIME = YES;
				ENABLE_NS_ASSERTIONS = NO;
				ENABLE_STRICT_OBJC_MSGSEND = YES;
				GCC_C_LANGUAGE_STANDARD = gnu11;
				GCC_NO_COMMON_BLOCKS = YES;
				GCC_WARN_64_TO_32_BIT_CONVERSION = YES;
				GCC_WARN_ABOUT_RETURN_TYPE = YES_ERROR;
				GCC_WARN_UNDECLARED_SELECTOR = YES;
				GCC_WARN_UNINITIALIZED_AUTOS = YES_AGGRESSIVE;
				GCC_WARN_UNUSED_FUNCTION = YES;
				GCC_WARN_UNUSED_VARIABLE = YES;
				MACOSX_DEPLOYMENT_TARGET = 15.0;
				MTL_ENABLE_DEBUG_INFO = NO;
				MTL_FAST_MATH = YES;
				PRODUCT_NAME = "$(TARGET_NAME)";
				SDKROOT = macosx;
				SWIFT_COMPILATION_MODE = wholemodule;
				SWIFT_OPTIMIZATION_LEVEL = "-O";
				SWIFT_STRICT_CONCURRENCY = complete;
				SWIFT_VERSION = 6.0;
			};
			name = Release;
		};
/* End XCBuildConfiguration section */

/* Begin XCConfigurationList section */
		69D1155EFD082732F194F273 /* Build configuration list for PBXProject "CanvasCountdown" */ = {
			isa = XCConfigurationList;
			buildConfigurations = (
				538400C6AEFCBB4B088B00F7 /* Debug */,
				7959C726BD64C71B6499C1C2 /* Release */,
			);
			defaultConfigurationIsVisible = 0;
			defaultConfigurationName = Debug;
		};
		8AB3DC6F1C4E7B08CB04AB8E /* Build configuration list for PBXNativeTarget "CanvasCountdownTests" */ = {
			isa = XCConfigurationList;
			buildConfigurations = (
				5E13B6417E65807D349F7776 /* Debug */,
				400A03BD6706E0F9128B04E5 /* Release */,
			);
			defaultConfigurationIsVisible = 0;
			defaultConfigurationName = Debug;
		};
		9347464FB35404B283C4F56E /* Build configuration list for PBXNativeTarget "CanvasCountdown" */ = {
			isa = XCConfigurationList;
			buildConfigurations = (
				72161C67CEE34F34D5C9BEB9 /* Debug */,
				499CC4664340F26812033BFB /* Release */,
			);
			defaultConfigurationIsVisible = 0;
			defaultConfigurationName = Debug;
		};
/* End XCConfigurationList section */
	};
	rootObject = 4E3338BFFAE524E3E11019C1 /* Project object */;
}
